
Microsoft Visual Studio Solution File, Format Version 12.00
# Visual Studio 15
VisualStudioVersion = 15.0.28307.1433
MinimumVisualStudioVersion = 10.0.40219.1
Project("{FAE04EC0-301F-11D3-BF4B-00C04F79EFBC}") = "For_Testing", "For_Testing\For_Testing.csproj", "{5CE07D15-2915-4D61-BF84-24F22A879D58}"
EndProject
Global
	GlobalSection(SolutionConfigurationPlatforms) = preSolution
		Debug|Any CPU = Debug|Any CPU
		Release|Any CPU = Release|Any CPU
	EndGlobalSection
	GlobalSection(ProjectConfigurationPlatforms) = postSolution
		{5CE07D15-2915-4D61-BF84-24F22A879D58}.Debug|Any CPU.ActiveCfg = Debug|Any CPU
		{5CE07D15-2915-4D61-BF84-24F22A879D58}.Debug|Any CPU.Build.0 = Debug|Any CPU
		{5CE07D15-2915-4D61-BF84-24F22A879D58}.Release|Any CPU.ActiveCfg = Release|Any CPU
		{5CE07D15-2915-4D61-BF84-24F22A879D58}.Release|Any CPU.Build.0 = Release|Any CPU
	EndGlobalSection
	GlobalSection(SolutionProperties) = preSolution
		HideSolutionNode = FALSE
	EndGlobalSection
	GlobalSection(ExtensibilityGlobals) = postSolution
		SolutionGuid = {829CDC0D-A7A2-4140-B5EE-00FC4ABCE479}
	EndGlobalSection
EndGlobal
